
Microsoft Visual Studio Solution File, Format Version 12.00
# Visual Studio Version 16
VisualStudioVersion = 16.0.31205.134
MinimumVisualStudioVersion = 10.0.40219.1
Project("{9A19103F-16F7-4668-BE54-9A1E7A4F7556}") = "CadastroSeriesWindowsFormsSQLite", "CadastroSeriesWindowsFormsSQLite\CadastroSeriesWindowsFormsSQLite.csproj", "{7B1D8BD7-4268-43CF-B4E0-76382B4148BC}"
EndProject
Project("{9A19103F-16F7-4668-BE54-9A1E7A4F7556}") = "DIO.Series", "DIO.Series\DIO.Series.csproj", "{69B1E537-C629-49FB-A81D-B11CF55F1550}"
EndProject
Global
	GlobalSection(SolutionConfigurationPlatforms) = preSolution
		Debug|Any CPU = Debug|Any CPU
		Release|Any CPU = Release|Any CPU
	EndGlobalSection
	GlobalSection(ProjectConfigurationPlatforms) = postSolution
		{7B1D8BD7-4268-43CF-B4E0-76382B4148BC}.Debug|Any CPU.ActiveCfg = Debug|Any CPU
		{7B1D8BD7-4268-43CF-B4E0-76382B4148BC}.Debug|Any CPU.Build.0 = Debug|Any CPU
		{7B1D8BD7-4268-43CF-B4E0-76382B4148BC}.Release|Any CPU.ActiveCfg = Release|Any CPU
		{7B1D8BD7-4268-43CF-B4E0-76382B4148BC}.Release|Any CPU.Build.0 = Release|Any CPU
		{69B1E537-C629-49FB-A81D-B11CF55F1550}.Debug|Any CPU.ActiveCfg = Debug|Any CPU
		{69B1E537-C629-49FB-A81D-B11CF55F1550}.Debug|Any CPU.Build.0 = Debug|Any CPU
		{69B1E537-C629-49FB-A81D-B11CF55F1550}.Release|Any CPU.ActiveCfg = Release|Any CPU
		{69B1E537-C629-49FB-A81D-B11CF55F1550}.Release|Any CPU.Build.0 = Release|Any CPU
	EndGlobalSection
	GlobalSection(SolutionProperties) = preSolution
		HideSolutionNode = FALSE
	EndGlobalSection
	GlobalSection(ExtensibilityGlobals) = postSolution
		SolutionGuid = {9992A574-E202-4EA3-8493-032935CF6373}
	EndGlobalSection
EndGlobal
